// !$*UTF8*$!
{
	archiveVersion = 1;
	classes = {
	};
	objectVersion = 55;
	objects = {

/* Begin PBXBuildFile section */
		F6AA5A5028A08FEA00440730 /* AppDelegate.swift in Sources */ = {isa = PBXBuildFile; fileRef = F6AA5A4F28A08FEA00440730 /* AppDelegate.swift */; };
		F6AA5A5228A08FEA00440730 /* SceneDelegate.swift in Sources */ = {isa = PBXBuildFile; fileRef = F6AA5A5128A08FEA00440730 /* SceneDelegate.swift */; };
		F6AA5A5428A08FEA00440730 /* ViewController.swift in Sources */ = {isa = PBXBuildFile; fileRef = F6AA5A5328A08FEA00440730 /* ViewController.swift */; };
		F6AA5A5728A08FEA00440730 /* Main.storyboard in Resources */ = {isa = PBXBuildFile; fileRef = F6AA5A5528A08FEA00440730 /* Main.storyboard */; };
		F6AA5A5928A08FEB00440730 /* Assets.xcassets in Resources */ = {isa = PBXBuildFile; fileRef = F6AA5A5828A08FEB00440730 /* Assets.xcassets */; };
		F6AA5A5C28A08FEB00440730 /* LaunchScreen.storyboard in Resources */ = {isa = PBXBuildFile; fileRef = F6AA5A5A28A08FEB00440730 /* LaunchScreen.storyboard */; };
		F6AA5A6528A0903900440730 /* Alamofire in Frameworks */ = {isa = PBXBuildFile; productRef = F6AA5A6428A0903900440730 /* Alamofire */; };
		F6AA5A6828A0904700440730 /* SwiftyJSON in Frameworks */ = {isa = PBXBuildFile; productRef = F6AA5A6728A0904700440730 /* SwiftyJSON */; };
		F6AA5A6B28A0907300440730 /* Kingfisher in Frameworks */ = {isa = PBXBuildFile; productRef = F6AA5A6A28A0907300440730 /* Kingfisher */; };
		F6AA5A6D28A090D000440730 /* .gitignore in Resources */ = {isa = PBXBuildFile; fileRef = F6AA5A6C28A090D000440730 /* .gitignore */; };
		F6AA5A7028A0913D00440730 /* APIKey.swift in Sources */ = {isa = PBXBuildFile; fileRef = F6AA5A6F28A0913D00440730 /* APIKey.swift */; };
		F6AA5A7328A094AD00440730 /* Endpoint.swift in Sources */ = {isa = PBXBuildFile; fileRef = F6AA5A7228A094AD00440730 /* Endpoint.swift */; };
		F6AA5A7528A0951000440730 /* URL+Extension.swift in Sources */ = {isa = PBXBuildFile; fileRef = F6AA5A7428A0951000440730 /* URL+Extension.swift */; };
		F6AA5A7728A0A78700440730 /* APIManager.swift in Sources */ = {isa = PBXBuildFile; fileRef = F6AA5A7628A0A78700440730 /* APIManager.swift */; };
		F6AA5A7928A0ABFD00440730 /* ClosureViewController.swift in Sources */ = {isa = PBXBuildFile; fileRef = F6AA5A7828A0ABFD00440730 /* ClosureViewController.swift */; };
		F6AA5A7E28A1E03400440730 /* SeSACButton.swift in Sources */ = {isa = PBXBuildFile; fileRef = F6AA5A7D28A1E03400440730 /* SeSACButton.swift */; };
		F6AA5A8028A1E60500440730 /* CardView.xib in Resources */ = {isa = PBXBuildFile; fileRef = F6AA5A7F28A1E60500440730 /* CardView.xib */; };
		F6AA5A8228A1E64100440730 /* CardView.swift in Sources */ = {isa = PBXBuildFile; fileRef = F6AA5A8128A1E64100440730 /* CardView.swift */; };
		F6AA5A8528A1F36F00440730 /* CardCollectionViewCell.swift in Sources */ = {isa = PBXBuildFile; fileRef = F6AA5A8328A1F36F00440730 /* CardCollectionViewCell.swift */; };
		F6AA5A8628A1F36F00440730 /* CardCollectionViewCell.xib in Resources */ = {isa = PBXBuildFile; fileRef = F6AA5A8428A1F36F00440730 /* CardCollectionViewCell.xib */; };
		F6AA5A8828A1F63100440730 /* MainViewController.swift in Sources */ = {isa = PBXBuildFile; fileRef = F6AA5A8728A1F63100440730 /* MainViewController.swift */; };
		F6AA5A8A28A1FC2F00440730 /* MainTableViewCell.swift in Sources */ = {isa = PBXBuildFile; fileRef = F6AA5A8928A1FC2F00440730 /* MainTableViewCell.swift */; };
/* End PBXBuildFile section */

/* Begin PBXFileReference section */
		F6AA5A4C28A08FEA00440730 /* SeSAC Week6 Project.app */ = {isa = PBXFileReference; explicitFileType = wrapper.application; includeInIndex = 0; path = "SeSAC Week6 Project.app"; sourceTree = BUILT_PRODUCTS_DIR; };
		F6AA5A4F28A08FEA00440730 /* AppDelegate.swift */ = {isa = PBXFileReference; lastKnownFileType = sourcecode.swift; path = AppDelegate.swift; sourceTree = "<group>"; };
		F6AA5A5128A08FEA00440730 /* SceneDelegate.swift */ = {isa = PBXFileReference; lastKnownFileType = sourcecode.swift; path = SceneDelegate.swift; sourceTree = "<group>"; };
		F6AA5A5328A08FEA00440730 /* ViewController.swift */ = {isa = PBXFileReference; lastKnownFileType = sourcecode.swift; path = ViewController.swift; sourceTree = "<group>"; };
		F6AA5A5628A08FEA00440730 /* Base */ = {isa = PBXFileReference; lastKnownFileType = file.storyboard; name = Base; path = Base.lproj/Main.storyboard; sourceTree = "<group>"; };
		F6AA5A5828A08FEB00440730 /* Assets.xcassets */ = {isa = PBXFileReference; lastKnownFileType = folder.assetcatalog; path = Assets.xcassets; sourceTree = "<group>"; };
		F6AA5A5B28A08FEB00440730 /* Base */ = {isa = PBXFileReference; lastKnownFileType = file.storyboard; name = Base; path = Base.lproj/LaunchScreen.storyboard; sourceTree = "<group>"; };
		F6AA5A5D28A08FEB00440730 /* Info.plist */ = {isa = PBXFileReference; lastKnownFileType = text.plist.xml; path = Info.plist; sourceTree = "<group>"; };
		F6AA5A6C28A090D000440730 /* .gitignore */ = {isa = PBXFileReference; lastKnownFileType = text; path = .gitignore; sourceTree = "<group>"; };
		F6AA5A6F28A0913D00440730 /* APIKey.swift */ = {isa = PBXFileReference; lastKnownFileType = sourcecode.swift; path = APIKey.swift; sourceTree = "<group>"; };
		F6AA5A7228A094AD00440730 /* Endpoint.swift */ = {isa = PBXFileReference; lastKnownFileType = sourcecode.swift; path = Endpoint.swift; sourceTree = "<group>"; };
		F6AA5A7428A0951000440730 /* URL+Extension.swift */ = {isa = PBXFileReference; lastKnownFileType = sourcecode.swift; path = "URL+Extension.swift"; sourceTree = "<group>"; };
		F6AA5A7628A0A78700440730 /* APIManager.swift */ = {isa = PBXFileReference; lastKnownFileType = sourcecode.swift; path = APIManager.swift; sourceTree = "<group>"; };
		F6AA5A7828A0ABFD00440730 /* ClosureViewController.swift */ = {isa = PBXFileReference; lastKnownFileType = sourcecode.swift; path = ClosureViewController.swift; sourceTree = "<group>"; };
		F6AA5A7D28A1E03400440730 /* SeSACButton.swift */ = {isa = PBXFileReference; lastKnownFileType = sourcecode.swift; path = SeSACButton.swift; sourceTree = "<group>"; };
		F6AA5A7F28A1E60500440730 /* CardView.xib */ = {isa = PBXFileReference; lastKnownFileType = file.xib; path = CardView.xib; sourceTree = "<group>"; };
		F6AA5A8128A1E64100440730 /* CardView.swift */ = {isa = PBXFileReference; lastKnownFileType = sourcecode.swift; path = CardView.swift; sourceTree = "<group>"; };
		F6AA5A8328A1F36F00440730 /* CardCollectionViewCell.swift */ = {isa = PBXFileReference; lastKnownFileType = sourcecode.swift; path = CardCollectionViewCell.swift; sourceTree = "<group>"; };
		F6AA5A8428A1F36F00440730 /* CardCollectionViewCell.xib */ = {isa = PBXFileReference; lastKnownFileType = file.xib; path = CardCollectionViewCell.xib; sourceTree = "<group>"; };
		F6AA5A8728A1F63100440730 /* MainViewController.swift */ = {isa = PBXFileReference; lastKnownFileType = sourcecode.swift; path = MainViewController.swift; sourceTree = "<group>"; };
		F6AA5A8928A1FC2F00440730 /* MainTableViewCell.swift */ = {isa = PBXFileReference; lastKnownFileType = sourcecode.swift; path = MainTableViewCell.swift; sourceTree = "<group>"; };
/* End PBXFileReference section */

/* Begin PBXFrameworksBuildPhase section */
		F6AA5A4928A08FEA00440730 /* Frameworks */ = {
			isa = PBXFrameworksBuildPhase;
			buildActionMask = 2147483647;
			files = (
				F6AA5A6B28A0907300440730 /* Kingfisher in Frameworks */,
				F6AA5A6828A0904700440730 /* SwiftyJSON in Frameworks */,
				F6AA5A6528A0903900440730 /* Alamofire in Frameworks */,
			);
			runOnlyForDeploymentPostprocessing = 0;
		};
/* End PBXFrameworksBuildPhase section */

/* Begin PBXGroup section */
		F6AA5A4328A08FEA00440730 = {
			isa = PBXGroup;
			children = (
				F6AA5A6C28A090D000440730 /* .gitignore */,
				F6AA5A4E28A08FEA00440730 /* SeSAC Week6 Project */,
				F6AA5A4D28A08FEA00440730 /* Products */,
			);
			sourceTree = "<group>";
		};
		F6AA5A4D28A08FEA00440730 /* Products */ = {
			isa = PBXGroup;
			children = (
				F6AA5A4C28A08FEA00440730 /* SeSAC Week6 Project.app */,
			);
			name = Products;
			sourceTree = "<group>";
		};
		F6AA5A4E28A08FEA00440730 /* SeSAC Week6 Project */ = {
			isa = PBXGroup;
			children = (
				F6AA5A6E28A0912300440730 /* Key */,
				F6AA5A7C28A1DFE600440730 /* View */,
				F6AA5A7128A0949400440730 /* Network */,
				F6AA5A5328A08FEA00440730 /* ViewController.swift */,
				F6AA5A4F28A08FEA00440730 /* AppDelegate.swift */,
				F6AA5A5128A08FEA00440730 /* SceneDelegate.swift */,
				F6AA5A7828A0ABFD00440730 /* ClosureViewController.swift */,
				F6AA5A5528A08FEA00440730 /* Main.storyboard */,
				F6AA5A8928A1FC2F00440730 /* MainTableViewCell.swift */,
				F6AA5A8728A1F63100440730 /* MainViewController.swift */,
				F6AA5A5828A08FEB00440730 /* Assets.xcassets */,
				F6AA5A5A28A08FEB00440730 /* LaunchScreen.storyboard */,
				F6AA5A5D28A08FEB00440730 /* Info.plist */,
			);
			path = "SeSAC Week6 Project";
			sourceTree = "<group>";
		};
		F6AA5A6E28A0912300440730 /* Key */ = {
			isa = PBXGroup;
			children = (
				F6AA5A6F28A0913D00440730 /* APIKey.swift */,
			);
			path = Key;
			sourceTree = "<group>";
		};
		F6AA5A7128A0949400440730 /* Network */ = {
			isa = PBXGroup;
			children = (
				F6AA5A7228A094AD00440730 /* Endpoint.swift */,
				F6AA5A7428A0951000440730 /* URL+Extension.swift */,
				F6AA5A7628A0A78700440730 /* APIManager.swift */,
			);
			path = Network;
			sourceTree = "<group>";
		};
		F6AA5A7C28A1DFE600440730 /* View */ = {
			isa = PBXGroup;
			children = (
				F6AA5A7D28A1E03400440730 /* SeSACButton.swift */,
				F6AA5A8128A1E64100440730 /* CardView.swift */,
				F6AA5A7F28A1E60500440730 /* CardView.xib */,
				F6AA5A8328A1F36F00440730 /* CardCollectionViewCell.swift */,
				F6AA5A8428A1F36F00440730 /* CardCollectionViewCell.xib */,
			);
			path = View;
			sourceTree = "<group>";
		};
/* End PBXGroup section */

/* Begin PBXNativeTarget section */
		F6AA5A4B28A08FEA00440730 /* SeSAC Week6 Project */ = {
			isa = PBXNativeTarget;
			buildConfigurationList = F6AA5A6028A08FEB00440730 /* Build configuration list for PBXNativeTarget "SeSAC Week6 Project" */;
			buildPhases = (
				F6AA5A4828A08FEA00440730 /* Sources */,
				F6AA5A4928A08FEA00440730 /* Frameworks */,
				F6AA5A4A28A08FEA00440730 /* Resources */,
			);
			buildRules = (
			);
			dependencies = (
			);
			name = "SeSAC Week6 Project";
			packageProductDependencies = (
				F6AA5A6428A0903900440730 /* Alamofire */,
				F6AA5A6728A0904700440730 /* SwiftyJSON */,
				F6AA5A6A28A0907300440730 /* Kingfisher */,
			);
			productName = "SeSAC Week6 Project";
			productReference = F6AA5A4C28A08FEA00440730 /* SeSAC Week6 Project.app */;
			productType = "com.apple.product-type.application";
		};
/* End PBXNativeTarget section */

/* Begin PBXProject section */
		F6AA5A4428A08FEA00440730 /* Project object */ = {
			isa = PBXProject;
			attributes = {
				BuildIndependentTargetsInParallel = 1;
				LastSwiftUpdateCheck = 1330;
				LastUpgradeCheck = 1330;
				TargetAttributes = {
					F6AA5A4B28A08FEA00440730 = {
						CreatedOnToolsVersion = 13.3.1;
					};
				};
			};
			buildConfigurationList = F6AA5A4728A08FEA00440730 /* Build configuration list for PBXProject "SeSAC Week6 Project" */;
			compatibilityVersion = "Xcode 13.0";
			developmentRegion = en;
			hasScannedForEncodings = 0;
			knownRegions = (
				en,
				Base,
			);
			mainGroup = F6AA5A4328A08FEA00440730;
			packageReferences = (
				F6AA5A6328A0903900440730 /* XCRemoteSwiftPackageReference "Alamofire" */,
				F6AA5A6628A0904700440730 /* XCRemoteSwiftPackageReference "SwiftyJSON" */,
				F6AA5A6928A0907300440730 /* XCRemoteSwiftPackageReference "Kingfisher" */,
			);
			productRefGroup = F6AA5A4D28A08FEA00440730 /* Products */;
			projectDirPath = "";
			projectRoot = "";
			targets = (
				F6AA5A4B28A08FEA00440730 /* SeSAC Week6 Project */,
			);
		};
/* End PBXProject section */

/* Begin PBXResourcesBuildPhase section */
		F6AA5A4A28A08FEA00440730 /* Resources */ = {
			isa = PBXResourcesBuildPhase;
			buildActionMask = 2147483647;
			files = (
				F6AA5A6D28A090D000440730 /* .gitignore in Resources */,
				F6AA5A5C28A08FEB00440730 /* LaunchScreen.storyboard in Resources */,
				F6AA5A8028A1E60500440730 /* CardView.xib in Resources */,
				F6AA5A5928A08FEB00440730 /* Assets.xcassets in Resources */,
				F6AA5A8628A1F36F00440730 /* CardCollectionViewCell.xib in Resources */,
				F6AA5A5728A08FEA00440730 /* Main.storyboard in Resources */,
			);
			runOnlyForDeploymentPostprocessing = 0;
		};
/* End PBXResourcesBuildPhase section */

/* Begin PBXSourcesBuildPhase section */
		F6AA5A4828A08FEA00440730 /* Sources */ = {
			isa = PBXSourcesBuildPhase;
			buildActionMask = 2147483647;
			files = (
				F6AA5A8A28A1FC2F00440730 /* MainTableViewCell.swift in Sources */,
				F6AA5A5428A08FEA00440730 /* ViewController.swift in Sources */,
				F6AA5A5028A08FEA00440730 /* AppDelegate.swift in Sources */,
				F6AA5A7928A0ABFD00440730 /* ClosureViewController.swift in Sources */,
				F6AA5A8828A1F63100440730 /* MainViewController.swift in Sources */,
				F6AA5A8528A1F36F00440730 /* CardCollectionViewCell.swift in Sources */,
				F6AA5A7028A0913D00440730 /* APIKey.swift in Sources */,
				F6AA5A8228A1E64100440730 /* CardView.swift in Sources */,
				F6AA5A5228A08FEA00440730 /* SceneDelegate.swift in Sources */,
				F6AA5A7E28A1E03400440730 /* SeSACButton.swift in Sources */,
				F6AA5A7328A094AD00440730 /* Endpoint.swift in Sources */,
				F6AA5A7528A0951000440730 /* URL+Extension.swift in Sources */,
				F6AA5A7728A0A78700440730 /* APIManager.swift in Sources */,
			);
			runOnlyForDeploymentPostprocessing = 0;
		};
/* End PBXSourcesBuildPhase section */

/* Begin PBXVariantGroup section */
		F6AA5A5528A08FEA00440730 /* Main.storyboard */ = {
			isa = PBXVariantGroup;
			children = (
				F6AA5A5628A08FEA00440730 /* Base */,
			);
			name = Main.storyboard;
			sourceTree = "<group>";
		};
		F6AA5A5A28A08FEB00440730 /* LaunchScreen.storyboard */ = {
			isa = PBXVariantGroup;
			children = (
				F6AA5A5B28A08FEB00440730 /* Base */,
			);
			name = LaunchScreen.storyboard;
			sourceTree = "<group>";
		};
/* End PBXVariantGroup section */

/* Begin XCBuildConfiguration section */
		F6AA5A5E28A08FEB00440730 /* Debug */ = {
			isa = XCBuildConfiguration;
			buildSettings = {
				ALWAYS_SEARCH_USER_PATHS = NO;
				CLANG_ANALYZER_NONNULL = YES;
				CLANG_ANALYZER_NUMBER_OBJECT_CONVERSION = YES_AGGRESSIVE;
				CLANG_CXX_LANGUAGE_STANDARD = "gnu++17";
				CLANG_ENABLE_MODULES = YES;
				CLANG_ENABLE_OBJC_ARC = YES;
				CLANG_ENABLE_OBJC_WEAK = YES;
				CLANG_WARN_BLOCK_CAPTURE_AUTORELEASING = YES;
				CLANG_WARN_BOOL_CONVERSION = YES;
				CLANG_WARN_COMMA = YES;
				CLANG_WARN_CONSTANT_CONVERSION = YES;
				CLANG_WARN_DEPRECATED_OBJC_IMPLEMENTATIONS = YES;
				CLANG_WARN_DIRECT_OBJC_ISA_USAGE = YES_ERROR;
				CLANG_WARN_DOCUMENTATION_COMMENTS = YES;
				CLANG_WARN_EMPTY_BODY = YES;
				CLANG_WARN_ENUM_CONVERSION = YES;
				CLANG_WARN_INFINITE_RECURSION = YES;
				CLANG_WARN_INT_CONVERSION = YES;
				CLANG_WARN_NON_LITERAL_NULL_CONVERSION = YES;
				CLANG_WARN_OBJC_IMPLICIT_RETAIN_SELF = YES;
				CLANG_WARN_OBJC_LITERAL_CONVERSION = YES;
				CLANG_WARN_OBJC_ROOT_CLASS = YES_ERROR;
				CLANG_WARN_QUOTED_INCLUDE_IN_FRAMEWORK_HEADER = YES;
				CLANG_WARN_RANGE_LOOP_ANALYSIS = YES;
				CLANG_WARN_STRICT_PROTOTYPES = YES;
				CLANG_WARN_SUSPICIOUS_MOVE = YES;
				CLANG_WARN_UNGUARDED_AVAILABILITY = YES_AGGRESSIVE;
				CLANG_WARN_UNREACHABLE_CODE = YES;
				CLANG_WARN__DUPLICATE_METHOD_MATCH = YES;
				COPY_PHASE_STRIP = NO;
				DEBUG_INFORMATION_FORMAT = dwarf;
				ENABLE_STRICT_OBJC_MSGSEND = YES;
				ENABLE_TESTABILITY = YES;
				GCC_C_LANGUAGE_STANDARD = gnu11;
				GCC_DYNAMIC_NO_PIC = NO;
				GCC_NO_COMMON_BLOCKS = YES;
				GCC_OPTIMIZATION_LEVEL = 0;
				GCC_PREPROCESSOR_DEFINITIONS = (
					"DEBUG=1",
					"$(inherited)",
				);
				GCC_WARN_64_TO_32_BIT_CONVERSION = YES;
				GCC_WARN_ABOUT_RETURN_TYPE = YES_ERROR;
				GCC_WARN_UNDECLARED_SELECTOR = YES;
				GCC_WARN_UNINITIALIZED_AUTOS = YES_AGGRESSIVE;
				GCC_WARN_UNUSED_FUNCTION = YES;
				GCC_WARN_UNUSED_VARIABLE = YES;
				IPHONEOS_DEPLOYMENT_TARGET = 15.4;
				MTL_ENABLE_DEBUG_INFO = INCLUDE_SOURCE;
				MTL_FAST_MATH = YES;
				ONLY_ACTIVE_ARCH = YES;
				SDKROOT = iphoneos;
				SWIFT_ACTIVE_COMPILATION_CONDITIONS = DEBUG;
				SWIFT_OPTIMIZATION_LEVEL = "-Onone";
			};
			name = Debug;
		};
		F6AA5A5F28A08FEB00440730 /* Release */ = {
			isa = XCBuildConfiguration;
			buildSettings = {
				ALWAYS_SEARCH_USER_PATHS = NO;
				CLANG_ANALYZER_NONNULL = YES;
				CLANG_ANALYZER_NUMBER_OBJECT_CONVERSION = YES_AGGRESSIVE;
				CLANG_CXX_LANGUAGE_STANDARD = "gnu++17";
				CLANG_ENABLE_MODULES = YES;
				CLANG_ENABLE_OBJC_ARC = YES;
				CLANG_ENABLE_OBJC_WEAK = YES;
				CLANG_WARN_BLOCK_CAPTURE_AUTORELEASING = YES;
				CLANG_WARN_BOOL_CONVERSION = YES;
				CLANG_WARN_COMMA = YES;
				CLANG_WARN_CONSTANT_CONVERSION = YES;
				CLANG_WARN_DEPRECATED_OBJC_IMPLEMENTATIONS = YES;
				CLANG_WARN_DIRECT_OBJC_ISA_USAGE = YES_ERROR;
				CLANG_WARN_DOCUMENTATION_COMMENTS = YES;
				CLANG_WARN_EMPTY_BODY = YES;
				CLANG_WARN_ENUM_CONVERSION = YES;
				CLANG_WARN_INFINITE_RECURSION = YES;
				CLANG_WARN_INT_CONVERSION = YES;
				CLANG_WARN_NON_LITERAL_NULL_CONVERSION = YES;
				CLANG_WARN_OBJC_IMPLICIT_RETAIN_SELF = YES;
				CLANG_WARN_OBJC_LITERAL_CONVERSION = YES;
				CLANG_WARN_OBJC_ROOT_CLASS = YES_ERROR;
				CLANG_WARN_QUOTED_INCLUDE_IN_FRAMEWORK_HEADER = YES;
				CLANG_WARN_RANGE_LOOP_ANALYSIS = YES;
				CLANG_WARN_STRICT_PROTOTYPES = YES;
				CLANG_WARN_SUSPICIOUS_MOVE = YES;
				CLANG_WARN_UNGUARDED_AVAILABILITY = YES_AGGRESSIVE;
				CLANG_WARN_UNREACHABLE_CODE = YES;
				CLANG_WARN__DUPLICATE_METHOD_MATCH = YES;
				COPY_PHASE_STRIP = NO;
				DEBUG_INFORMATION_FORMAT = "dwarf-with-dsym";
				ENABLE_NS_ASSERTIONS = NO;
				ENABLE_STRICT_OBJC_MSGSEND = YES;
				GCC_C_LANGUAGE_STANDARD = gnu11;
				GCC_NO_COMMON_BLOCKS = YES;
				GCC_WARN_64_TO_32_BIT_CONVERSION = YES;
				GCC_WARN_ABOUT_RETURN_TYPE = YES_ERROR;
				GCC_WARN_UNDECLARED_SELECTOR = YES;
				GCC_WARN_UNINITIALIZED_AUTOS = YES_AGGRESSIVE;
				GCC_WARN_UNUSED_FUNCTION = YES;
				GCC_WARN_UNUSED_VARIABLE = YES;
				IPHONEOS_DEPLOYMENT_TARGET = 15.4;
				MTL_ENABLE_DEBUG_INFO = NO;
				MTL_FAST_MATH = YES;
				SDKROOT = iphoneos;
				SWIFT_COMPILATION_MODE = wholemodule;
				SWIFT_OPTIMIZATION_LEVEL = "-O";
				VALIDATE_PRODUCT = YES;
			};
			name = Release;
		};
		F6AA5A6128A08FEB00440730 /* Debug */ = {
			isa = XCBuildConfiguration;
			buildSettings = {
				ASSETCATALOG_COMPILER_APPICON_NAME = AppIcon;
				ASSETCATALOG_COMPILER_GLOBAL_ACCENT_COLOR_NAME = AccentColor;
				CODE_SIGN_STYLE = Automatic;
				CURRENT_PROJECT_VERSION = 1;
				DEVELOPMENT_TEAM = FJNF7APGSX;
				GENERATE_INFOPLIST_FILE = YES;
				INFOPLIST_FILE = "SeSAC Week6 Project/Info.plist";
				INFOPLIST_KEY_UIApplicationSupportsIndirectInputEvents = YES;
				INFOPLIST_KEY_UILaunchStoryboardName = LaunchScreen;
				INFOPLIST_KEY_UIMainStoryboardFile = Main;
				INFOPLIST_KEY_UISupportedInterfaceOrientations = UIInterfaceOrientationPortrait;
				INFOPLIST_KEY_UISupportedInterfaceOrientations_iPad = "UIInterfaceOrientationPortrait UIInterfaceOrientationPortraitUpsideDown UIInterfaceOrientationLandscapeLeft UIInterfaceOrientationLandscapeRight";
				INFOPLIST_KEY_UISupportedInterfaceOrientations_iPhone = "UIInterfaceOrientationPortrait UIInterfaceOrientationLandscapeLeft UIInterfaceOrientationLandscapeRight";
				IPHONEOS_DEPLOYMENT_TARGET = 15.0;
				LD_RUNPATH_SEARCH_PATHS = (
					"$(inherited)",
					"@executable_path/Frameworks",
				);
				MARKETING_VERSION = 1.0;
				PRODUCT_BUNDLE_IDENTIFIER = "com.rOarMJ.SeSAC-Week6-Project";
				PRODUCT_NAME = "$(TARGET_NAME)";
				SWIFT_EMIT_LOC_STRINGS = YES;
				SWIFT_VERSION = 5.0;
				TARGETED_DEVICE_FAMILY = 1;
			};
			name = Debug;
		};
		F6AA5A6228A08FEB00440730 /* Release */ = {
			isa = XCBuildConfiguration;
			buildSettings = {
				ASSETCATALOG_COMPILER_APPICON_NAME = AppIcon;
				ASSETCATALOG_COMPILER_GLOBAL_ACCENT_COLOR_NAME = AccentColor;
				CODE_SIGN_STYLE = Automatic;
				CURRENT_PROJECT_VERSION = 1;
				DEVELOPMENT_TEAM = FJNF7APGSX;
				GENERATE_INFOPLIST_FILE = YES;
				INFOPLIST_FILE = "SeSAC Week6 Project/Info.plist";
				INFOPLIST_KEY_UIApplicationSupportsIndirectInputEvents = YES;
				INFOPLIST_KEY_UILaunchStoryboardName = LaunchScreen;
				INFOPLIST_KEY_UIMainStoryboardFile = Main;
				INFOPLIST_KEY_UISupportedInterfaceOrientations = UIInterfaceOrientationPortrait;
				INFOPLIST_KEY_UISupportedInterfaceOrientations_iPad = "UIInterfaceOrientationPortrait UIInterfaceOrientationPortraitUpsideDown UIInterfaceOrientationLandscapeLeft UIInterfaceOrientationLandscapeRight";
				INFOPLIST_KEY_UISupportedInterfaceOrientations_iPhone = "UIInterfaceOrientationPortrait UIInterfaceOrientationLandscapeLeft UIInterfaceOrientationLandscapeRight";
				IPHONEOS_DEPLOYMENT_TARGET = 15.0;
				LD_RUNPATH_SEARCH_PATHS = (
					"$(inherited)",
					"@executable_path/Frameworks",
				);
				MARKETING_VERSION = 1.0;
				PRODUCT_BUNDLE_IDENTIFIER = "com.rOarMJ.SeSAC-Week6-Project";
				PRODUCT_NAME = "$(TARGET_NAME)";
				SWIFT_EMIT_LOC_STRINGS = YES;
				SWIFT_VERSION = 5.0;
				TARGETED_DEVICE_FAMILY = 1;
			};
			name = Release;
		};
/* End XCBuildConfiguration section */

/* Begin XCConfigurationList section */
		F6AA5A4728A08FEA00440730 /* Build configuration list for PBXProject "SeSAC Week6 Project" */ = {
			isa = XCConfigurationList;
			buildConfigurations = (
				F6AA5A5E28A08FEB00440730 /* Debug */,
				F6AA5A5F28A08FEB00440730 /* Release */,
			);
			defaultConfigurationIsVisible = 0;
			defaultConfigurationName = Release;
		};
		F6AA5A6028A08FEB00440730 /* Build configuration list for PBXNativeTarget "SeSAC Week6 Project" */ = {
			isa = XCConfigurationList;
			buildConfigurations = (
				F6AA5A6128A08FEB00440730 /* Debug */,
				F6AA5A6228A08FEB00440730 /* Release */,
			);
			defaultConfigurationIsVisible = 0;
			defaultConfigurationName = Release;
		};
/* End XCConfigurationList section */

/* Begin XCRemoteSwiftPackageReference section */
		F6AA5A6328A0903900440730 /* XCRemoteSwiftPackageReference "Alamofire" */ = {
			isa = XCRemoteSwiftPackageReference;
			repositoryURL = "https://github.com/Alamofire/Alamofire.git";
			requirement = {
				kind = upToNextMajorVersion;
				minimumVersion = 5.0.0;
			};
		};
		F6AA5A6628A0904700440730 /* XCRemoteSwiftPackageReference "SwiftyJSON" */ = {
			isa = XCRemoteSwiftPackageReference;
			repositoryURL = "https://github.com/SwiftyJSON/SwiftyJSON.git";
			requirement = {
				kind = upToNextMajorVersion;
				minimumVersion = 5.0.0;
			};
		};
		F6AA5A6928A0907300440730 /* XCRemoteSwiftPackageReference "Kingfisher" */ = {
			isa = XCRemoteSwiftPackageReference;
			repositoryURL = "https://github.com/onevcat/Kingfisher.git";
			requirement = {
				kind = upToNextMajorVersion;
				minimumVersion = 7.0.0;
			};
		};
/* End XCRemoteSwiftPackageReference section */

/* Begin XCSwiftPackageProductDependency section */
		F6AA5A6428A0903900440730 /* Alamofire */ = {
			isa = XCSwiftPackageProductDependency;
			package = F6AA5A6328A0903900440730 /* XCRemoteSwiftPackageReference "Alamofire" */;
			productName = Alamofire;
		};
		F6AA5A6728A0904700440730 /* SwiftyJSON */ = {
			isa = XCSwiftPackageProductDependency;
			package = F6AA5A6628A0904700440730 /* XCRemoteSwiftPackageReference "SwiftyJSON" */;
			productName = SwiftyJSON;
		};
		F6AA5A6A28A0907300440730 /* Kingfisher */ = {
			isa = XCSwiftPackageProductDependency;
			package = F6AA5A6928A0907300440730 /* XCRemoteSwiftPackageReference "Kingfisher" */;
			productName = Kingfisher;
		};
/* End XCSwiftPackageProductDependency section */
	};
	rootObject = F6AA5A4428A08FEA00440730 /* Project object */;
}
